
Microsoft Visual Studio Solution File, Format Version 12.00
# Visual Studio Version 17
VisualStudioVersion = 17.8.34511.84
MinimumVisualStudioVersion = 10.0.40219.1
Project("{FAE04EC0-301F-11D3-BF4B-00C04F79EFBC}") = "HomeWorkModule17", "HomeWorkModule17\HomeWorkModule17.csproj", "{C735BDC8-BFB7-4EAE-92F1-783B719A7F36}"
EndProject
Global
	GlobalSection(SolutionConfigurationPlatforms) = preSolution
		Debug|Any CPU = Debug|Any CPU
		Release|Any CPU = Release|Any CPU
	EndGlobalSection
	GlobalSection(ProjectConfigurationPlatforms) = postSolution
		{C735BDC8-BFB7-4EAE-92F1-783B719A7F36}.Debug|Any CPU.ActiveCfg = Debug|Any CPU
		{C735BDC8-BFB7-4EAE-92F1-783B719A7F36}.Debug|Any CPU.Build.0 = Debug|Any CPU
		{C735BDC8-BFB7-4EAE-92F1-783B719A7F36}.Release|Any CPU.ActiveCfg = Release|Any CPU
		{C735BDC8-BFB7-4EAE-92F1-783B719A7F36}.Release|Any CPU.Build.0 = Release|Any CPU
	EndGlobalSection
	GlobalSection(SolutionProperties) = preSolution
		HideSolutionNode = FALSE
	EndGlobalSection
	GlobalSection(ExtensibilityGlobals) = postSolution
		SolutionGuid = {BDFF9DF6-A947-4B5D-BF22-4DD77C82186A}
	EndGlobalSection
EndGlobal
